{
  "name": "example-typescript",
  "version": "0.1.0",
  "lockfileVersion": 2,
  "requires": true,
  "packages": {
    "": {
      "name": "example-typescript",
      "version": "0.1.0",
      "license": "ISC",
      "dependencies": {
        "@govuk-one-login/data-vocab": "^1.4.2"
      },
      "devDependencies": {
        "typescript": "^5.2.2"
      }
    },
    "node_modules/@govuk-one-login/data-vocab": {
      "version": "1.4.2",
      "resolved": "https://npm.pkg.github.com/download/@govuk-one-login/data-vocab/1.4.2/02c533f6f3e2bbd3933d50a3ba8f8dc0a2365879",
      "integrity": "sha512-HZZjipVGr8S9+L6BkOFLXgGJ9FOtTEp2kOCrrqdG02lxShfvC20RrpIUTsnBsYTKceVq0kw1DgsXYqTmNPj+TQ=="
    },
    "node_modules/typescript": {
      "version": "5.2.2",
      "resolved": "https://registry.npmjs.org/typescript/-/typescript-5.2.2.tgz",
      "integrity": "sha512-mI4WrpHsbCIcwT9cF4FZvr80QUeKvsUsUvKDoR+X/7XHQH98xYD8YHZg7ANtz2GtZt/CBq2QJ0thkGJMHfqc1w==",
      "dev": true,
      "bin": {
        "tsc": "bin/tsc",
        "tsserver": "bin/tsserver"
      },
      "engines": {
        "node": ">=14.17"
      }
    }
  },
  "dependencies": {
    "@govuk-one-login/data-vocab": {
      "version": "1.4.2",
      "resolved": "https://npm.pkg.github.com/download/@govuk-one-login/data-vocab/1.4.2/02c533f6f3e2bbd3933d50a3ba8f8dc0a2365879",
      "integrity": "sha512-HZZjipVGr8S9+L6BkOFLXgGJ9FOtTEp2kOCrrqdG02lxShfvC20RrpIUTsnBsYTKceVq0kw1DgsXYqTmNPj+TQ=="
    },
    "typescript": {
      "version": "5.2.2",
      "resolved": "https://registry.npmjs.org/typescript/-/typescript-5.2.2.tgz",
      "integrity": "sha512-mI4WrpHsbCIcwT9cF4FZvr80QUeKvsUsUvKDoR+X/7XHQH98xYD8YHZg7ANtz2GtZt/CBq2QJ0thkGJMHfqc1w==",
      "dev": true
    }
  }
}
